
Microsoft Visual Studio Solution File, Format Version 12.00
# Visual Studio Version 16
VisualStudioVersion = 16.0.28531.58
MinimumVisualStudioVersion = 10.0.40219.1
Project("{9A19103F-16F7-4668-BE54-9A1E7A4F7556}") = "ShopCommon", "ShopCommon\ShopCommon.csproj", "{9B2E5A10-9959-46A3-AB15-1E5CC7191B8F}"
EndProject
Project("{2150E333-8FDC-42A3-9474-1A3956D46DE8}") = "Backend", "Backend", "{34E5F425-AE16-4670-A1A8-624F777078F4}"
EndProject
Project("{2150E333-8FDC-42A3-9474-1A3956D46DE8}") = "Frontend", "Frontend", "{EB878D4B-2156-4A46-BB5D-564D678B3CAF}"
EndProject
Project("{9A19103F-16F7-4668-BE54-9A1E7A4F7556}") = "ShopWeb", "ShopWeb\ShopWeb.csproj", "{5B4D3C26-28F9-4B24-B51E-C591365B1B4C}"
EndProject
Project("{2150E333-8FDC-42A3-9474-1A3956D46DE8}") = "Forms", "Forms", "{77573D2E-CB35-49CF-BED0-45E36EFE1E91}"
EndProject
Project("{FAE04EC0-301F-11D3-BF4B-00C04F79EFBC}") = "ShopUIForms.Android", "ShopUIForms\ShopUIForms.Android\ShopUIForms.Android.csproj", "{504E5DFA-1306-499E-A992-211A52EFC399}"
EndProject
Project("{FAE04EC0-301F-11D3-BF4B-00C04F79EFBC}") = "ShopUIForms.iOS", "ShopUIForms\ShopUIForms.iOS\ShopUIForms.iOS.csproj", "{E0C1E92E-0BF3-4143-BF16-7C3EB45AA831}"
EndProject
Project("{9A19103F-16F7-4668-BE54-9A1E7A4F7556}") = "ShopUIForms", "ShopUIForms\ShopUIForms\ShopUIForms.csproj", "{E0729120-DFDA-4848-8E2D-D74932BB3B4D}"
EndProject
Project("{2150E333-8FDC-42A3-9474-1A3956D46DE8}") = "Classic", "Classic", "{666F10C9-83D1-432B-B8CA-049CDEF87502}"
EndProject
Project("{FAE04EC0-301F-11D3-BF4B-00C04F79EFBC}") = "ShopUIClassic", "ShopUIClassic\ShopUIClassic.csproj", "{2513318C-C078-4CEE-BBF0-4E3230B1F1C3}"
EndProject
Project("{2150E333-8FDC-42A3-9474-1A3956D46DE8}") = "MVVMCrossTestConcept", "MVVMCrossTestConcept", "{BB5739DE-D4DA-4330-B860-875F142E3E98}"
EndProject
Project("{9A19103F-16F7-4668-BE54-9A1E7A4F7556}") = "FourWays.Core", "FourWays.Core\FourWays.Core.csproj", "{6D539528-1329-41CE-A016-C5BFF87DA477}"
EndProject
Project("{FAE04EC0-301F-11D3-BF4B-00C04F79EFBC}") = "FourWays.FormsTraditional.Android", "FourWays.FormsTraditional\FourWays.FormsTraditional.Android\FourWays.FormsTraditional.Android.csproj", "{DB3B3506-5313-41B8-93CB-52CAED951CE7}"
EndProject
Project("{FAE04EC0-301F-11D3-BF4B-00C04F79EFBC}") = "FourWays.FormsTraditional.iOS", "FourWays.FormsTraditional\FourWays.FormsTraditional.iOS\FourWays.FormsTraditional.iOS.csproj", "{B2FE5C61-98E6-4AE2-AF98-55687EC2BA4F}"
EndProject
Project("{9A19103F-16F7-4668-BE54-9A1E7A4F7556}") = "FourWays.FormsTraditional", "FourWays.FormsTraditional\FourWays.FormsTraditional\FourWays.FormsTraditional.csproj", "{2CF74826-C62E-49F8-8F52-B133F3708B3B}"
EndProject
Project("{FAE04EC0-301F-11D3-BF4B-00C04F79EFBC}") = "FourWays.Classic.Droid", "FourWays.Classic.Droid\FourWays.Classic.Droid.csproj", "{16427AEA-1069-4373-A093-9AB150E00F04}"
EndProject
Project("{FAE04EC0-301F-11D3-BF4B-00C04F79EFBC}") = "FourWays.Cross.Droid", "FourWays.Cross.Droid\FourWays.Cross.Droid.csproj", "{C253E3D5-8AC3-45AA-9BF5-28199A6639A3}"
EndProject
Project("{FAE04EC0-301F-11D3-BF4B-00C04F79EFBC}") = "FourWays.FormCross.Android", "FourWays.FormCross\FourWays.FormCross.Android\FourWays.FormCross.Android.csproj", "{E5A4ADEB-EA64-4482-B44A-011575066FE6}"
EndProject
Project("{FAE04EC0-301F-11D3-BF4B-00C04F79EFBC}") = "FourWays.FormCross.iOS", "FourWays.FormCross\FourWays.FormCross.iOS\FourWays.FormCross.iOS.csproj", "{65032BB6-E7FB-4D77-8701-D74EDA1199BB}"
EndProject
Project("{FAE04EC0-301F-11D3-BF4B-00C04F79EFBC}") = "FourWays.FormCross", "FourWays.FormCross\FourWays.FormCross\FourWays.FormCross.csproj", "{1618B529-9907-4AC2-B48B-B067F8857EFC}"
EndProject
Global
	GlobalSection(SolutionConfigurationPlatforms) = preSolution
		Debug|Any CPU = Debug|Any CPU
		Debug|iPhone = Debug|iPhone
		Debug|iPhoneSimulator = Debug|iPhoneSimulator
		Release|Any CPU = Release|Any CPU
		Release|iPhone = Release|iPhone
		Release|iPhoneSimulator = Release|iPhoneSimulator
	EndGlobalSection
	GlobalSection(ProjectConfigurationPlatforms) = postSolution
		{9B2E5A10-9959-46A3-AB15-1E5CC7191B8F}.Debug|Any CPU.ActiveCfg = Debug|Any CPU
		{9B2E5A10-9959-46A3-AB15-1E5CC7191B8F}.Debug|Any CPU.Build.0 = Debug|Any CPU
		{9B2E5A10-9959-46A3-AB15-1E5CC7191B8F}.Debug|iPhone.ActiveCfg = Debug|Any CPU
		{9B2E5A10-9959-46A3-AB15-1E5CC7191B8F}.Debug|iPhone.Build.0 = Debug|Any CPU
		{9B2E5A10-9959-46A3-AB15-1E5CC7191B8F}.Debug|iPhoneSimulator.ActiveCfg = Debug|Any CPU
		{9B2E5A10-9959-46A3-AB15-1E5CC7191B8F}.Debug|iPhoneSimulator.Build.0 = Debug|Any CPU
		{9B2E5A10-9959-46A3-AB15-1E5CC7191B8F}.Release|Any CPU.ActiveCfg = Release|Any CPU
		{9B2E5A10-9959-46A3-AB15-1E5CC7191B8F}.Release|Any CPU.Build.0 = Release|Any CPU
		{9B2E5A10-9959-46A3-AB15-1E5CC7191B8F}.Release|iPhone.ActiveCfg = Release|Any CPU
		{9B2E5A10-9959-46A3-AB15-1E5CC7191B8F}.Release|iPhone.Build.0 = Release|Any CPU
		{9B2E5A10-9959-46A3-AB15-1E5CC7191B8F}.Release|iPhoneSimulator.ActiveCfg = Release|Any CPU
		{9B2E5A10-9959-46A3-AB15-1E5CC7191B8F}.Release|iPhoneSimulator.Build.0 = Release|Any CPU
		{5B4D3C26-28F9-4B24-B51E-C591365B1B4C}.Debug|Any CPU.ActiveCfg = Debug|Any CPU
		{5B4D3C26-28F9-4B24-B51E-C591365B1B4C}.Debug|Any CPU.Build.0 = Debug|Any CPU
		{5B4D3C26-28F9-4B24-B51E-C591365B1B4C}.Debug|iPhone.ActiveCfg = Debug|Any CPU
		{5B4D3C26-28F9-4B24-B51E-C591365B1B4C}.Debug|iPhone.Build.0 = Debug|Any CPU
		{5B4D3C26-28F9-4B24-B51E-C591365B1B4C}.Debug|iPhoneSimulator.ActiveCfg = Debug|Any CPU
		{5B4D3C26-28F9-4B24-B51E-C591365B1B4C}.Debug|iPhoneSimulator.Build.0 = Debug|Any CPU
		{5B4D3C26-28F9-4B24-B51E-C591365B1B4C}.Release|Any CPU.ActiveCfg = Release|Any CPU
		{5B4D3C26-28F9-4B24-B51E-C591365B1B4C}.Release|Any CPU.Build.0 = Release|Any CPU
		{5B4D3C26-28F9-4B24-B51E-C591365B1B4C}.Release|iPhone.ActiveCfg = Release|Any CPU
		{5B4D3C26-28F9-4B24-B51E-C591365B1B4C}.Release|iPhone.Build.0 = Release|Any CPU
		{5B4D3C26-28F9-4B24-B51E-C591365B1B4C}.Release|iPhoneSimulator.ActiveCfg = Release|Any CPU
		{5B4D3C26-28F9-4B24-B51E-C591365B1B4C}.Release|iPhoneSimulator.Build.0 = Release|Any CPU
		{504E5DFA-1306-499E-A992-211A52EFC399}.Debug|Any CPU.ActiveCfg = Debug|Any CPU
		{504E5DFA-1306-499E-A992-211A52EFC399}.Debug|Any CPU.Build.0 = Debug|Any CPU
		{504E5DFA-1306-499E-A992-211A52EFC399}.Debug|Any CPU.Deploy.0 = Debug|Any CPU
		{504E5DFA-1306-499E-A992-211A52EFC399}.Debug|iPhone.ActiveCfg = Debug|Any CPU
		{504E5DFA-1306-499E-A992-211A52EFC399}.Debug|iPhone.Build.0 = Debug|Any CPU
		{504E5DFA-1306-499E-A992-211A52EFC399}.Debug|iPhone.Deploy.0 = Debug|Any CPU
		{504E5DFA-1306-499E-A992-211A52EFC399}.Debug|iPhoneSimulator.ActiveCfg = Debug|Any CPU
		{504E5DFA-1306-499E-A992-211A52EFC399}.Debug|iPhoneSimulator.Build.0 = Debug|Any CPU
		{504E5DFA-1306-499E-A992-211A52EFC399}.Debug|iPhoneSimulator.Deploy.0 = Debug|Any CPU
		{504E5DFA-1306-499E-A992-211A52EFC399}.Release|Any CPU.ActiveCfg = Release|Any CPU
		{504E5DFA-1306-499E-A992-211A52EFC399}.Release|Any CPU.Build.0 = Release|Any CPU
		{504E5DFA-1306-499E-A992-211A52EFC399}.Release|Any CPU.Deploy.0 = Release|Any CPU
		{504E5DFA-1306-499E-A992-211A52EFC399}.Release|iPhone.ActiveCfg = Release|Any CPU
		{504E5DFA-1306-499E-A992-211A52EFC399}.Release|iPhone.Build.0 = Release|Any CPU
		{504E5DFA-1306-499E-A992-211A52EFC399}.Release|iPhone.Deploy.0 = Release|Any CPU
		{504E5DFA-1306-499E-A992-211A52EFC399}.Release|iPhoneSimulator.ActiveCfg = Release|Any CPU
		{504E5DFA-1306-499E-A992-211A52EFC399}.Release|iPhoneSimulator.Build.0 = Release|Any CPU
		{504E5DFA-1306-499E-A992-211A52EFC399}.Release|iPhoneSimulator.Deploy.0 = Release|Any CPU
		{E0C1E92E-0BF3-4143-BF16-7C3EB45AA831}.Debug|Any CPU.ActiveCfg = Debug|iPhone
		{E0C1E92E-0BF3-4143-BF16-7C3EB45AA831}.Debug|iPhone.ActiveCfg = Debug|iPhone
		{E0C1E92E-0BF3-4143-BF16-7C3EB45AA831}.Debug|iPhone.Build.0 = Debug|iPhone
		{E0C1E92E-0BF3-4143-BF16-7C3EB45AA831}.Debug|iPhoneSimulator.ActiveCfg = Debug|iPhoneSimulator
		{E0C1E92E-0BF3-4143-BF16-7C3EB45AA831}.Debug|iPhoneSimulator.Build.0 = Debug|iPhoneSimulator
		{E0C1E92E-0BF3-4143-BF16-7C3EB45AA831}.Release|Any CPU.ActiveCfg = Release|iPhone
		{E0C1E92E-0BF3-4143-BF16-7C3EB45AA831}.Release|iPhone.ActiveCfg = Release|iPhone
		{E0C1E92E-0BF3-4143-BF16-7C3EB45AA831}.Release|iPhone.Build.0 = Release|iPhone
		{E0C1E92E-0BF3-4143-BF16-7C3EB45AA831}.Release|iPhoneSimulator.ActiveCfg = Release|iPhoneSimulator
		{E0C1E92E-0BF3-4143-BF16-7C3EB45AA831}.Release|iPhoneSimulator.Build.0 = Release|iPhoneSimulator
		{E0729120-DFDA-4848-8E2D-D74932BB3B4D}.Debug|Any CPU.ActiveCfg = Debug|Any CPU
		{E0729120-DFDA-4848-8E2D-D74932BB3B4D}.Debug|Any CPU.Build.0 = Debug|Any CPU
		{E0729120-DFDA-4848-8E2D-D74932BB3B4D}.Debug|iPhone.ActiveCfg = Debug|Any CPU
		{E0729120-DFDA-4848-8E2D-D74932BB3B4D}.Debug|iPhone.Build.0 = Debug|Any CPU
		{E0729120-DFDA-4848-8E2D-D74932BB3B4D}.Debug|iPhoneSimulator.ActiveCfg = Debug|Any CPU
		{E0729120-DFDA-4848-8E2D-D74932BB3B4D}.Debug|iPhoneSimulator.Build.0 = Debug|Any CPU
		{E0729120-DFDA-4848-8E2D-D74932BB3B4D}.Release|Any CPU.ActiveCfg = Release|Any CPU
		{E0729120-DFDA-4848-8E2D-D74932BB3B4D}.Release|Any CPU.Build.0 = Release|Any CPU
		{E0729120-DFDA-4848-8E2D-D74932BB3B4D}.Release|iPhone.ActiveCfg = Release|Any CPU
		{E0729120-DFDA-4848-8E2D-D74932BB3B4D}.Release|iPhone.Build.0 = Release|Any CPU
		{E0729120-DFDA-4848-8E2D-D74932BB3B4D}.Release|iPhoneSimulator.ActiveCfg = Release|Any CPU
		{E0729120-DFDA-4848-8E2D-D74932BB3B4D}.Release|iPhoneSimulator.Build.0 = Release|Any CPU
		{2513318C-C078-4CEE-BBF0-4E3230B1F1C3}.Debug|Any CPU.ActiveCfg = Debug|Any CPU
		{2513318C-C078-4CEE-BBF0-4E3230B1F1C3}.Debug|Any CPU.Build.0 = Debug|Any CPU
		{2513318C-C078-4CEE-BBF0-4E3230B1F1C3}.Debug|Any CPU.Deploy.0 = Debug|Any CPU
		{2513318C-C078-4CEE-BBF0-4E3230B1F1C3}.Debug|iPhone.ActiveCfg = Debug|Any CPU
		{2513318C-C078-4CEE-BBF0-4E3230B1F1C3}.Debug|iPhone.Build.0 = Debug|Any CPU
		{2513318C-C078-4CEE-BBF0-4E3230B1F1C3}.Debug|iPhone.Deploy.0 = Debug|Any CPU
		{2513318C-C078-4CEE-BBF0-4E3230B1F1C3}.Debug|iPhoneSimulator.ActiveCfg = Debug|Any CPU
		{2513318C-C078-4CEE-BBF0-4E3230B1F1C3}.Debug|iPhoneSimulator.Build.0 = Debug|Any CPU
		{2513318C-C078-4CEE-BBF0-4E3230B1F1C3}.Debug|iPhoneSimulator.Deploy.0 = Debug|Any CPU
		{2513318C-C078-4CEE-BBF0-4E3230B1F1C3}.Release|Any CPU.ActiveCfg = Release|Any CPU
		{2513318C-C078-4CEE-BBF0-4E3230B1F1C3}.Release|Any CPU.Build.0 = Release|Any CPU
		{2513318C-C078-4CEE-BBF0-4E3230B1F1C3}.Release|Any CPU.Deploy.0 = Release|Any CPU
		{2513318C-C078-4CEE-BBF0-4E3230B1F1C3}.Release|iPhone.ActiveCfg = Release|Any CPU
		{2513318C-C078-4CEE-BBF0-4E3230B1F1C3}.Release|iPhone.Build.0 = Release|Any CPU
		{2513318C-C078-4CEE-BBF0-4E3230B1F1C3}.Release|iPhone.Deploy.0 = Release|Any CPU
		{2513318C-C078-4CEE-BBF0-4E3230B1F1C3}.Release|iPhoneSimulator.ActiveCfg = Release|Any CPU
		{2513318C-C078-4CEE-BBF0-4E3230B1F1C3}.Release|iPhoneSimulator.Build.0 = Release|Any CPU
		{2513318C-C078-4CEE-BBF0-4E3230B1F1C3}.Release|iPhoneSimulator.Deploy.0 = Release|Any CPU
		{6D539528-1329-41CE-A016-C5BFF87DA477}.Debug|Any CPU.ActiveCfg = Debug|Any CPU
		{6D539528-1329-41CE-A016-C5BFF87DA477}.Debug|Any CPU.Build.0 = Debug|Any CPU
		{6D539528-1329-41CE-A016-C5BFF87DA477}.Debug|iPhone.ActiveCfg = Debug|Any CPU
		{6D539528-1329-41CE-A016-C5BFF87DA477}.Debug|iPhone.Build.0 = Debug|Any CPU
		{6D539528-1329-41CE-A016-C5BFF87DA477}.Debug|iPhoneSimulator.ActiveCfg = Debug|Any CPU
		{6D539528-1329-41CE-A016-C5BFF87DA477}.Debug|iPhoneSimulator.Build.0 = Debug|Any CPU
		{6D539528-1329-41CE-A016-C5BFF87DA477}.Release|Any CPU.ActiveCfg = Release|Any CPU
		{6D539528-1329-41CE-A016-C5BFF87DA477}.Release|Any CPU.Build.0 = Release|Any CPU
		{6D539528-1329-41CE-A016-C5BFF87DA477}.Release|iPhone.ActiveCfg = Release|Any CPU
		{6D539528-1329-41CE-A016-C5BFF87DA477}.Release|iPhone.Build.0 = Release|Any CPU
		{6D539528-1329-41CE-A016-C5BFF87DA477}.Release|iPhoneSimulator.ActiveCfg = Release|Any CPU
		{6D539528-1329-41CE-A016-C5BFF87DA477}.Release|iPhoneSimulator.Build.0 = Release|Any CPU
		{DB3B3506-5313-41B8-93CB-52CAED951CE7}.Debug|Any CPU.ActiveCfg = Debug|Any CPU
		{DB3B3506-5313-41B8-93CB-52CAED951CE7}.Debug|Any CPU.Build.0 = Debug|Any CPU
		{DB3B3506-5313-41B8-93CB-52CAED951CE7}.Debug|Any CPU.Deploy.0 = Debug|Any CPU
		{DB3B3506-5313-41B8-93CB-52CAED951CE7}.Debug|iPhone.ActiveCfg = Debug|Any CPU
		{DB3B3506-5313-41B8-93CB-52CAED951CE7}.Debug|iPhone.Build.0 = Debug|Any CPU
		{DB3B3506-5313-41B8-93CB-52CAED951CE7}.Debug|iPhone.Deploy.0 = Debug|Any CPU
		{DB3B3506-5313-41B8-93CB-52CAED951CE7}.Debug|iPhoneSimulator.ActiveCfg = Debug|Any CPU
		{DB3B3506-5313-41B8-93CB-52CAED951CE7}.Debug|iPhoneSimulator.Build.0 = Debug|Any CPU
		{DB3B3506-5313-41B8-93CB-52CAED951CE7}.Debug|iPhoneSimulator.Deploy.0 = Debug|Any CPU
		{DB3B3506-5313-41B8-93CB-52CAED951CE7}.Release|Any CPU.ActiveCfg = Release|Any CPU
		{DB3B3506-5313-41B8-93CB-52CAED951CE7}.Release|Any CPU.Build.0 = Release|Any CPU
		{DB3B3506-5313-41B8-93CB-52CAED951CE7}.Release|Any CPU.Deploy.0 = Release|Any CPU
		{DB3B3506-5313-41B8-93CB-52CAED951CE7}.Release|iPhone.ActiveCfg = Release|Any CPU
		{DB3B3506-5313-41B8-93CB-52CAED951CE7}.Release|iPhone.Build.0 = Release|Any CPU
		{DB3B3506-5313-41B8-93CB-52CAED951CE7}.Release|iPhone.Deploy.0 = Release|Any CPU
		{DB3B3506-5313-41B8-93CB-52CAED951CE7}.Release|iPhoneSimulator.ActiveCfg = Release|Any CPU
		{DB3B3506-5313-41B8-93CB-52CAED951CE7}.Release|iPhoneSimulator.Build.0 = Release|Any CPU
		{DB3B3506-5313-41B8-93CB-52CAED951CE7}.Release|iPhoneSimulator.Deploy.0 = Release|Any CPU
		{B2FE5C61-98E6-4AE2-AF98-55687EC2BA4F}.Debug|Any CPU.ActiveCfg = Debug|iPhone
		{B2FE5C61-98E6-4AE2-AF98-55687EC2BA4F}.Debug|iPhone.ActiveCfg = Debug|iPhone
		{B2FE5C61-98E6-4AE2-AF98-55687EC2BA4F}.Debug|iPhone.Build.0 = Debug|iPhone
		{B2FE5C61-98E6-4AE2-AF98-55687EC2BA4F}.Debug|iPhoneSimulator.ActiveCfg = Debug|iPhoneSimulator
		{B2FE5C61-98E6-4AE2-AF98-55687EC2BA4F}.Debug|iPhoneSimulator.Build.0 = Debug|iPhoneSimulator
		{B2FE5C61-98E6-4AE2-AF98-55687EC2BA4F}.Release|Any CPU.ActiveCfg = Release|iPhone
		{B2FE5C61-98E6-4AE2-AF98-55687EC2BA4F}.Release|iPhone.ActiveCfg = Release|iPhone
		{B2FE5C61-98E6-4AE2-AF98-55687EC2BA4F}.Release|iPhone.Build.0 = Release|iPhone
		{B2FE5C61-98E6-4AE2-AF98-55687EC2BA4F}.Release|iPhoneSimulator.ActiveCfg = Release|iPhoneSimulator
		{B2FE5C61-98E6-4AE2-AF98-55687EC2BA4F}.Release|iPhoneSimulator.Build.0 = Release|iPhoneSimulator
		{2CF74826-C62E-49F8-8F52-B133F3708B3B}.Debug|Any CPU.ActiveCfg = Debug|Any CPU
		{2CF74826-C62E-49F8-8F52-B133F3708B3B}.Debug|Any CPU.Build.0 = Debug|Any CPU
		{2CF74826-C62E-49F8-8F52-B133F3708B3B}.Debug|iPhone.ActiveCfg = Debug|Any CPU
		{2CF74826-C62E-49F8-8F52-B133F3708B3B}.Debug|iPhone.Build.0 = Debug|Any CPU
		{2CF74826-C62E-49F8-8F52-B133F3708B3B}.Debug|iPhoneSimulator.ActiveCfg = Debug|Any CPU
		{2CF74826-C62E-49F8-8F52-B133F3708B3B}.Debug|iPhoneSimulator.Build.0 = Debug|Any CPU
		{2CF74826-C62E-49F8-8F52-B133F3708B3B}.Release|Any CPU.ActiveCfg = Release|Any CPU
		{2CF74826-C62E-49F8-8F52-B133F3708B3B}.Release|Any CPU.Build.0 = Release|Any CPU
		{2CF74826-C62E-49F8-8F52-B133F3708B3B}.Release|iPhone.ActiveCfg = Release|Any CPU
		{2CF74826-C62E-49F8-8F52-B133F3708B3B}.Release|iPhone.Build.0 = Release|Any CPU
		{2CF74826-C62E-49F8-8F52-B133F3708B3B}.Release|iPhoneSimulator.ActiveCfg = Release|Any CPU
		{2CF74826-C62E-49F8-8F52-B133F3708B3B}.Release|iPhoneSimulator.Build.0 = Release|Any CPU
		{16427AEA-1069-4373-A093-9AB150E00F04}.Debug|Any CPU.ActiveCfg = Debug|Any CPU
		{16427AEA-1069-4373-A093-9AB150E00F04}.Debug|Any CPU.Build.0 = Debug|Any CPU
		{16427AEA-1069-4373-A093-9AB150E00F04}.Debug|Any CPU.Deploy.0 = Debug|Any CPU
		{16427AEA-1069-4373-A093-9AB150E00F04}.Debug|iPhone.ActiveCfg = Debug|Any CPU
		{16427AEA-1069-4373-A093-9AB150E00F04}.Debug|iPhone.Build.0 = Debug|Any CPU
		{16427AEA-1069-4373-A093-9AB150E00F04}.Debug|iPhone.Deploy.0 = Debug|Any CPU
		{16427AEA-1069-4373-A093-9AB150E00F04}.Debug|iPhoneSimulator.ActiveCfg = Debug|Any CPU
		{16427AEA-1069-4373-A093-9AB150E00F04}.Debug|iPhoneSimulator.Build.0 = Debug|Any CPU
		{16427AEA-1069-4373-A093-9AB150E00F04}.Debug|iPhoneSimulator.Deploy.0 = Debug|Any CPU
		{16427AEA-1069-4373-A093-9AB150E00F04}.Release|Any CPU.ActiveCfg = Release|Any CPU
		{16427AEA-1069-4373-A093-9AB150E00F04}.Release|Any CPU.Build.0 = Release|Any CPU
		{16427AEA-1069-4373-A093-9AB150E00F04}.Release|Any CPU.Deploy.0 = Release|Any CPU
		{16427AEA-1069-4373-A093-9AB150E00F04}.Release|iPhone.ActiveCfg = Release|Any CPU
		{16427AEA-1069-4373-A093-9AB150E00F04}.Release|iPhone.Build.0 = Release|Any CPU
		{16427AEA-1069-4373-A093-9AB150E00F04}.Release|iPhone.Deploy.0 = Release|Any CPU
		{16427AEA-1069-4373-A093-9AB150E00F04}.Release|iPhoneSimulator.ActiveCfg = Release|Any CPU
		{16427AEA-1069-4373-A093-9AB150E00F04}.Release|iPhoneSimulator.Build.0 = Release|Any CPU
		{16427AEA-1069-4373-A093-9AB150E00F04}.Release|iPhoneSimulator.Deploy.0 = Release|Any CPU
		{C253E3D5-8AC3-45AA-9BF5-28199A6639A3}.Debug|Any CPU.ActiveCfg = Debug|Any CPU
		{C253E3D5-8AC3-45AA-9BF5-28199A6639A3}.Debug|Any CPU.Build.0 = Debug|Any CPU
		{C253E3D5-8AC3-45AA-9BF5-28199A6639A3}.Debug|Any CPU.Deploy.0 = Debug|Any CPU
		{C253E3D5-8AC3-45AA-9BF5-28199A6639A3}.Debug|iPhone.ActiveCfg = Debug|Any CPU
		{C253E3D5-8AC3-45AA-9BF5-28199A6639A3}.Debug|iPhone.Build.0 = Debug|Any CPU
		{C253E3D5-8AC3-45AA-9BF5-28199A6639A3}.Debug|iPhone.Deploy.0 = Debug|Any CPU
		{C253E3D5-8AC3-45AA-9BF5-28199A6639A3}.Debug|iPhoneSimulator.ActiveCfg = Debug|Any CPU
		{C253E3D5-8AC3-45AA-9BF5-28199A6639A3}.Debug|iPhoneSimulator.Build.0 = Debug|Any CPU
		{C253E3D5-8AC3-45AA-9BF5-28199A6639A3}.Debug|iPhoneSimulator.Deploy.0 = Debug|Any CPU
		{C253E3D5-8AC3-45AA-9BF5-28199A6639A3}.Release|Any CPU.ActiveCfg = Release|Any CPU
		{C253E3D5-8AC3-45AA-9BF5-28199A6639A3}.Release|Any CPU.Build.0 = Release|Any CPU
		{C253E3D5-8AC3-45AA-9BF5-28199A6639A3}.Release|Any CPU.Deploy.0 = Release|Any CPU
		{C253E3D5-8AC3-45AA-9BF5-28199A6639A3}.Release|iPhone.ActiveCfg = Release|Any CPU
		{C253E3D5-8AC3-45AA-9BF5-28199A6639A3}.Release|iPhone.Build.0 = Release|Any CPU
		{C253E3D5-8AC3-45AA-9BF5-28199A6639A3}.Release|iPhone.Deploy.0 = Release|Any CPU
		{C253E3D5-8AC3-45AA-9BF5-28199A6639A3}.Release|iPhoneSimulator.ActiveCfg = Release|Any CPU
		{C253E3D5-8AC3-45AA-9BF5-28199A6639A3}.Release|iPhoneSimulator.Build.0 = Release|Any CPU
		{C253E3D5-8AC3-45AA-9BF5-28199A6639A3}.Release|iPhoneSimulator.Deploy.0 = Release|Any CPU
		{E5A4ADEB-EA64-4482-B44A-011575066FE6}.Debug|Any CPU.ActiveCfg = Debug|Any CPU
		{E5A4ADEB-EA64-4482-B44A-011575066FE6}.Debug|Any CPU.Build.0 = Debug|Any CPU
		{E5A4ADEB-EA64-4482-B44A-011575066FE6}.Debug|Any CPU.Deploy.0 = Debug|Any CPU
		{E5A4ADEB-EA64-4482-B44A-011575066FE6}.Debug|iPhone.ActiveCfg = Debug|Any CPU
		{E5A4ADEB-EA64-4482-B44A-011575066FE6}.Debug|iPhone.Build.0 = Debug|Any CPU
		{E5A4ADEB-EA64-4482-B44A-011575066FE6}.Debug|iPhone.Deploy.0 = Debug|Any CPU
		{E5A4ADEB-EA64-4482-B44A-011575066FE6}.Debug|iPhoneSimulator.ActiveCfg = Debug|Any CPU
		{E5A4ADEB-EA64-4482-B44A-011575066FE6}.Debug|iPhoneSimulator.Build.0 = Debug|Any CPU
		{E5A4ADEB-EA64-4482-B44A-011575066FE6}.Debug|iPhoneSimulator.Deploy.0 = Debug|Any CPU
		{E5A4ADEB-EA64-4482-B44A-011575066FE6}.Release|Any CPU.ActiveCfg = Release|Any CPU
		{E5A4ADEB-EA64-4482-B44A-011575066FE6}.Release|Any CPU.Build.0 = Release|Any CPU
		{E5A4ADEB-EA64-4482-B44A-011575066FE6}.Release|Any CPU.Deploy.0 = Release|Any CPU
		{E5A4ADEB-EA64-4482-B44A-011575066FE6}.Release|iPhone.ActiveCfg = Release|Any CPU
		{E5A4ADEB-EA64-4482-B44A-011575066FE6}.Release|iPhone.Build.0 = Release|Any CPU
		{E5A4ADEB-EA64-4482-B44A-011575066FE6}.Release|iPhone.Deploy.0 = Release|Any CPU
		{E5A4ADEB-EA64-4482-B44A-011575066FE6}.Release|iPhoneSimulator.ActiveCfg = Release|Any CPU
		{E5A4ADEB-EA64-4482-B44A-011575066FE6}.Release|iPhoneSimulator.Build.0 = Release|Any CPU
		{E5A4ADEB-EA64-4482-B44A-011575066FE6}.Release|iPhoneSimulator.Deploy.0 = Release|Any CPU
		{65032BB6-E7FB-4D77-8701-D74EDA1199BB}.Debug|Any CPU.ActiveCfg = Debug|iPhone
		{65032BB6-E7FB-4D77-8701-D74EDA1199BB}.Debug|iPhone.ActiveCfg = Debug|iPhone
		{65032BB6-E7FB-4D77-8701-D74EDA1199BB}.Debug|iPhone.Build.0 = Debug|iPhone
		{65032BB6-E7FB-4D77-8701-D74EDA1199BB}.Debug|iPhoneSimulator.ActiveCfg = Debug|iPhoneSimulator
		{65032BB6-E7FB-4D77-8701-D74EDA1199BB}.Debug|iPhoneSimulator.Build.0 = Debug|iPhoneSimulator
		{65032BB6-E7FB-4D77-8701-D74EDA1199BB}.Release|Any CPU.ActiveCfg = Release|iPhone
		{65032BB6-E7FB-4D77-8701-D74EDA1199BB}.Release|iPhone.ActiveCfg = Release|iPhone
		{65032BB6-E7FB-4D77-8701-D74EDA1199BB}.Release|iPhone.Build.0 = Release|iPhone
		{65032BB6-E7FB-4D77-8701-D74EDA1199BB}.Release|iPhoneSimulator.ActiveCfg = Release|iPhoneSimulator
		{65032BB6-E7FB-4D77-8701-D74EDA1199BB}.Release|iPhoneSimulator.Build.0 = Release|iPhoneSimulator
		{1618B529-9907-4AC2-B48B-B067F8857EFC}.Debug|Any CPU.ActiveCfg = Debug|Any CPU
		{1618B529-9907-4AC2-B48B-B067F8857EFC}.Debug|Any CPU.Build.0 = Debug|Any CPU
		{1618B529-9907-4AC2-B48B-B067F8857EFC}.Debug|iPhone.ActiveCfg = Debug|Any CPU
		{1618B529-9907-4AC2-B48B-B067F8857EFC}.Debug|iPhone.Build.0 = Debug|Any CPU
		{1618B529-9907-4AC2-B48B-B067F8857EFC}.Debug|iPhoneSimulator.ActiveCfg = Debug|Any CPU
		{1618B529-9907-4AC2-B48B-B067F8857EFC}.Debug|iPhoneSimulator.Build.0 = Debug|Any CPU
		{1618B529-9907-4AC2-B48B-B067F8857EFC}.Release|Any CPU.ActiveCfg = Release|Any CPU
		{1618B529-9907-4AC2-B48B-B067F8857EFC}.Release|Any CPU.Build.0 = Release|Any CPU
		{1618B529-9907-4AC2-B48B-B067F8857EFC}.Release|iPhone.ActiveCfg = Release|Any CPU
		{1618B529-9907-4AC2-B48B-B067F8857EFC}.Release|iPhone.Build.0 = Release|Any CPU
		{1618B529-9907-4AC2-B48B-B067F8857EFC}.Release|iPhoneSimulator.ActiveCfg = Release|Any CPU
		{1618B529-9907-4AC2-B48B-B067F8857EFC}.Release|iPhoneSimulator.Build.0 = Release|Any CPU
	EndGlobalSection
	GlobalSection(SolutionProperties) = preSolution
		HideSolutionNode = FALSE
	EndGlobalSection
	GlobalSection(NestedProjects) = preSolution
		{5B4D3C26-28F9-4B24-B51E-C591365B1B4C} = {34E5F425-AE16-4670-A1A8-624F777078F4}
		{77573D2E-CB35-49CF-BED0-45E36EFE1E91} = {EB878D4B-2156-4A46-BB5D-564D678B3CAF}
		{504E5DFA-1306-499E-A992-211A52EFC399} = {77573D2E-CB35-49CF-BED0-45E36EFE1E91}
		{E0C1E92E-0BF3-4143-BF16-7C3EB45AA831} = {77573D2E-CB35-49CF-BED0-45E36EFE1E91}
		{E0729120-DFDA-4848-8E2D-D74932BB3B4D} = {77573D2E-CB35-49CF-BED0-45E36EFE1E91}
		{666F10C9-83D1-432B-B8CA-049CDEF87502} = {EB878D4B-2156-4A46-BB5D-564D678B3CAF}
		{2513318C-C078-4CEE-BBF0-4E3230B1F1C3} = {666F10C9-83D1-432B-B8CA-049CDEF87502}
		{6D539528-1329-41CE-A016-C5BFF87DA477} = {BB5739DE-D4DA-4330-B860-875F142E3E98}
		{DB3B3506-5313-41B8-93CB-52CAED951CE7} = {BB5739DE-D4DA-4330-B860-875F142E3E98}
		{B2FE5C61-98E6-4AE2-AF98-55687EC2BA4F} = {BB5739DE-D4DA-4330-B860-875F142E3E98}
		{2CF74826-C62E-49F8-8F52-B133F3708B3B} = {BB5739DE-D4DA-4330-B860-875F142E3E98}
		{16427AEA-1069-4373-A093-9AB150E00F04} = {BB5739DE-D4DA-4330-B860-875F142E3E98}
		{C253E3D5-8AC3-45AA-9BF5-28199A6639A3} = {BB5739DE-D4DA-4330-B860-875F142E3E98}
		{E5A4ADEB-EA64-4482-B44A-011575066FE6} = {BB5739DE-D4DA-4330-B860-875F142E3E98}
		{65032BB6-E7FB-4D77-8701-D74EDA1199BB} = {BB5739DE-D4DA-4330-B860-875F142E3E98}
		{1618B529-9907-4AC2-B48B-B067F8857EFC} = {BB5739DE-D4DA-4330-B860-875F142E3E98}
	EndGlobalSection
	GlobalSection(ExtensibilityGlobals) = postSolution
		RESX_PrefixTranslations = False
		SolutionGuid = {01A81691-F1D3-48FF-9568-B0AF199F9711}
	EndGlobalSection
EndGlobal
